Microsoft Visual Studio Solution File, Format Version 11.00
# Visual Studio 2008

Project("{746F39A1-2F7E-0AFF-6010-48A4E14F32D4}") = "TwinStick", "Assembly-CSharp-firstpass-vs.csproj", "{8F0F4467-D96A-B466-0F42-C41F3DE4093F}"
EndProject
Project("{746F39A1-2F7E-0AFF-6010-48A4E14F32D4}") = "TwinStick", "Assembly-CSharp-vs.csproj", "{4FFD60E1-053F-9CEC-A245-4619A539B082}"
EndProject
Project("{746F39A1-2F7E-0AFF-6010-48A4E14F32D4}") = "TwinStick", "Assembly-CSharp-Editor-vs.csproj", "{7CF365F2-E7CA-AE68-C2AA-144821FA16ED}"
EndProject
Global
	GlobalSection(SolutionConfigurationPlatforms) = preSolution
		Debug|Any CPU = Debug|Any CPU
		Release|Any CPU = Release|Any CPU
	EndGlobalSection
	GlobalSection(ProjectConfigurationPlatforms) = postSolution
		{8F0F4467-D96A-B466-0F42-C41F3DE4093F}.Debug|Any CPU.ActiveCfg = Debug|Any CPU
		{8F0F4467-D96A-B466-0F42-C41F3DE4093F}.Debug|Any CPU.Build.0 = Debug|Any CPU
		{8F0F4467-D96A-B466-0F42-C41F3DE4093F}.Release|Any CPU.ActiveCfg = Release|Any CPU
		{8F0F4467-D96A-B466-0F42-C41F3DE4093F}.Release|Any CPU.Build.0 = Release|Any CPU
		{4FFD60E1-053F-9CEC-A245-4619A539B082}.Debug|Any CPU.ActiveCfg = Debug|Any CPU
		{4FFD60E1-053F-9CEC-A245-4619A539B082}.Debug|Any CPU.Build.0 = Debug|Any CPU
		{4FFD60E1-053F-9CEC-A245-4619A539B082}.Release|Any CPU.ActiveCfg = Release|Any CPU
		{4FFD60E1-053F-9CEC-A245-4619A539B082}.Release|Any CPU.Build.0 = Release|Any CPU
		{7CF365F2-E7CA-AE68-C2AA-144821FA16ED}.Debug|Any CPU.ActiveCfg = Debug|Any CPU
		{7CF365F2-E7CA-AE68-C2AA-144821FA16ED}.Debug|Any CPU.Build.0 = Debug|Any CPU
		{7CF365F2-E7CA-AE68-C2AA-144821FA16ED}.Release|Any CPU.ActiveCfg = Release|Any CPU
		{7CF365F2-E7CA-AE68-C2AA-144821FA16ED}.Release|Any CPU.Build.0 = Release|Any CPU
	EndGlobalSection
	GlobalSection(SolutionProperties) = preSolution
		HideSolutionNode = FALSE
	EndGlobalSection
																																																																																																																																																																																																								GlobalSection(MonoDevelopProperties) = preSolution
		StartupItem = Assembly-CSharp.csproj
		Policies = $0
		$0.TextStylePolicy = $1
		$1.inheritsSet = null
		$1.scope = text/x-csharp
		$0.CSharpFormattingPolicy = $2
		$2.inheritsSet = Mono
		$2.inheritsScope = text/x-csharp
		$2.scope = text/x-csharp
		$0.TextStylePolicy = $3
		$3.FileWidth = 120
		$3.TabWidth = 4
		$3.EolMarker = Unix
		$3.inheritsSet = Mono
		$3.inheritsScope = text/plain
		$3.scope = text/plain
	EndGlobalSection
																																																																																									GlobalSection(MonoDevelopProperties) = preSolution
=======
																																																																																										GlobalSection(MonoDevelopProperties) = preSolution
>>>>>>> Committed from Mac
		StartupItem = Assembly-CSharp.csproj
		Policies = $0
		$0.TextStylePolicy = $1
		$1.inheritsSet = null
		$1.scope = text/x-csharp
		$0.CSharpFormattingPolicy = $2
		$2.inheritsSet = Mono
		$2.inheritsScope = text/x-csharp
		$2.scope = text/x-csharp
		$0.TextStylePolicy = $3
		$3.FileWidth = 120
		$3.TabWidth = 4
		$3.EolMarker = Unix
		$3.inheritsSet = Mono
		$3.inheritsScope = text/plain
		$3.scope = text/plain
	EndGlobalSection

EndGlobal
